
Microsoft Visual Studio Solution File, Format Version 12.00
# Visual Studio Version 16
VisualStudioVersion = 16.0.29201.188
MinimumVisualStudioVersion = 10.0.40219.1
Project("{FAE04EC0-301F-11D3-BF4B-00C04F79EFBC}") = "Calculator", "Calculator\Calculator.csproj", "{030A49E8-CF9C-4675-99F5-4969A9B6D6EB}"
EndProject
Project("{FAE04EC0-301F-11D3-BF4B-00C04F79EFBC}") = "CalculatorUnitTest", "CalculatorUnitTest\CalculatorUnitTest.csproj", "{D2004F22-F381-408B-B8D6-61F0460B1366}"
EndProject
Global
	GlobalSection(SolutionConfigurationPlatforms) = preSolution
		Debug|Any CPU = Debug|Any CPU
		Release|Any CPU = Release|Any CPU
	EndGlobalSection
	GlobalSection(ProjectConfigurationPlatforms) = postSolution
		{030A49E8-CF9C-4675-99F5-4969A9B6D6EB}.Debug|Any CPU.ActiveCfg = Debug|Any CPU
		{030A49E8-CF9C-4675-99F5-4969A9B6D6EB}.Debug|Any CPU.Build.0 = Debug|Any CPU
		{030A49E8-CF9C-4675-99F5-4969A9B6D6EB}.Release|Any CPU.ActiveCfg = Release|Any CPU
		{030A49E8-CF9C-4675-99F5-4969A9B6D6EB}.Release|Any CPU.Build.0 = Release|Any CPU
		{D2004F22-F381-408B-B8D6-61F0460B1366}.Debug|Any CPU.ActiveCfg = Debug|Any CPU
		{D2004F22-F381-408B-B8D6-61F0460B1366}.Debug|Any CPU.Build.0 = Debug|Any CPU
		{D2004F22-F381-408B-B8D6-61F0460B1366}.Release|Any CPU.ActiveCfg = Release|Any CPU
		{D2004F22-F381-408B-B8D6-61F0460B1366}.Release|Any CPU.Build.0 = Release|Any CPU
	EndGlobalSection
	GlobalSection(SolutionProperties) = preSolution
		HideSolutionNode = FALSE
	EndGlobalSection
	GlobalSection(ExtensibilityGlobals) = postSolution
		SolutionGuid = {F1654A45-6EC6-4E4F-B2B8-238B2ECF4AF8}
	EndGlobalSection
EndGlobal
